
Microsoft Visual Studio Solution File, Format Version 12.00
# Visual Studio Version 17
VisualStudioVersion = 17.0.31903.59
MinimumVisualStudioVersion = 10.0.40219.1
Project("{2150E333-8FDC-42A3-9474-1A3956D46DE8}") = "Solution Items", "Solution Items", "{8EC462FD-D22E-90A8-E5CE-7E832BA40C5D}"
	ProjectSection(SolutionItems) = preProject
		.dockerignore = .dockerignore
		.gitignore = .gitignore
		Dockerfile = Dockerfile
		README.md = README.md
	EndProjectSection
EndProject
Project("{FAE04EC0-301F-11D3-BF4B-00C04F79EFBC}") = "FocusTimer.App", "src\FocusTimer.App\FocusTimer.App.csproj", "{78F0F418-C25B-DEBE-083A-A25BBE039AFE}"
EndProject
Project("{FAE04EC0-301F-11D3-BF4B-00C04F79EFBC}") = "FocusTimer.Core", "src\FocusTimer.Core\FocusTimer.Core.csproj", "{38356415-39F6-EEB4-C455-1B2AC2981F7F}"
EndProject
Project("{FAE04EC0-301F-11D3-BF4B-00C04F79EFBC}") = "FocusTimer.Persistence", "src\FocusTimer.Persistence\FocusTimer.Persistence.csproj", "{A9ABA491-62D3-A711-D3C9-DF8450F1A064}"
EndProject
Project("{FAE04EC0-301F-11D3-BF4B-00C04F79EFBC}") = "FocusTimer.Platform.Windows", "src\FocusTimer.Platform.Windows\FocusTimer.Platform.Windows.csproj", "{1988520E-31E0-634D-C891-FA230D42578E}"
EndProject
Global
	GlobalSection(SolutionConfigurationPlatforms) = preSolution
		Debug|Any CPU = Debug|Any CPU
		Release|Any CPU = Release|Any CPU
	EndGlobalSection
	GlobalSection(ProjectConfigurationPlatforms) = postSolution
		{78F0F418-C25B-DEBE-083A-A25BBE039AFE}.Debug|Any CPU.ActiveCfg = Debug|Any CPU
		{78F0F418-C25B-DEBE-083A-A25BBE039AFE}.Debug|Any CPU.Build.0 = Debug|Any CPU
		{78F0F418-C25B-DEBE-083A-A25BBE039AFE}.Release|Any CPU.ActiveCfg = Release|Any CPU
		{78F0F418-C25B-DEBE-083A-A25BBE039AFE}.Release|Any CPU.Build.0 = Release|Any CPU
		{38356415-39F6-EEB4-C455-1B2AC2981F7F}.Debug|Any CPU.ActiveCfg = Debug|Any CPU
		{38356415-39F6-EEB4-C455-1B2AC2981F7F}.Debug|Any CPU.Build.0 = Debug|Any CPU
		{38356415-39F6-EEB4-C455-1B2AC2981F7F}.Release|Any CPU.ActiveCfg = Release|Any CPU
		{38356415-39F6-EEB4-C455-1B2AC2981F7F}.Release|Any CPU.Build.0 = Release|Any CPU
		{A9ABA491-62D3-A711-D3C9-DF8450F1A064}.Debug|Any CPU.ActiveCfg = Debug|Any CPU
		{A9ABA491-62D3-A711-D3C9-DF8450F1A064}.Debug|Any CPU.Build.0 = Debug|Any CPU
		{A9ABA491-62D3-A711-D3C9-DF8450F1A064}.Release|Any CPU.ActiveCfg = Release|Any CPU
		{A9ABA491-62D3-A711-D3C9-DF8450F1A064}.Release|Any CPU.Build.0 = Release|Any CPU
		{1988520E-31E0-634D-C891-FA230D42578E}.Debug|Any CPU.ActiveCfg = Debug|Any CPU
		{1988520E-31E0-634D-C891-FA230D42578E}.Debug|Any CPU.Build.0 = Debug|Any CPU
		{1988520E-31E0-634D-C891-FA230D42578E}.Release|Any CPU.ActiveCfg = Release|Any CPU
		{1988520E-31E0-634D-C891-FA230D42578E}.Release|Any CPU.Build.0 = Release|Any CPU
	EndGlobalSection
	GlobalSection(SolutionProperties) = preSolution
		HideSolutionNode = FALSE
	EndGlobalSection
	GlobalSection(ExtensibilityGlobals) = postSolution
		SolutionGuid = {B67E032A-CB24-4067-AB09-4FA5431EA413}
	EndGlobalSection
EndGlobal
